
Microsoft Visual Studio Solution File, Format Version 12.00
# Visual Studio Version 17
VisualStudioVersion = 17.10.35013.160
MinimumVisualStudioVersion = 10.0.40219.1
Project("{2150E333-8FDC-42A3-9474-1A3956D46DE8}") = "src", "src", "{A3E934C3-0A68-48C8-A398-1325EB20DD0E}"
EndProject
Project("{2150E333-8FDC-42A3-9474-1A3956D46DE8}") = "test", "test", "{7C5C5354-E05E-47E7-86F4-BED93F7A749D}"
EndProject
Project("{9A19103F-16F7-4668-BE54-9A1E7A4F7556}") = "SitRep", "src\SitRep\SitRep.csproj", "{DCE3C4CA-D128-4E08-9CD0-1F20B90ED9CA}"
EndProject
Project("{9A19103F-16F7-4668-BE54-9A1E7A4F7556}") = "SitRep.AspNetCore", "src\SitRep.AspNetCore\SitRep.AspNetCore.csproj", "{45E0E3A2-4773-4634-BB8C-086C856DAFC7}"
EndProject
Project("{9A19103F-16F7-4668-BE54-9A1E7A4F7556}") = "SitRep.Redis", "src\SitRep.Redis\SitRep.Redis.csproj", "{7EF5ADF5-1BC6-4D5E-8432-373BB170A4DD}"
EndProject
Project("{FAE04EC0-301F-11D3-BF4B-00C04F79EFBC}") = "SitRep.SqlServer", "src\SitRep.SqlServer\SitRep.SqlServer.csproj", "{F0D371BD-C6DE-49B1-B984-E26ED2AFB5D4}"
EndProject
Global
	GlobalSection(SolutionConfigurationPlatforms) = preSolution
		Debug|Any CPU = Debug|Any CPU
		Release|Any CPU = Release|Any CPU
	EndGlobalSection
	GlobalSection(ProjectConfigurationPlatforms) = postSolution
		{DCE3C4CA-D128-4E08-9CD0-1F20B90ED9CA}.Debug|Any CPU.ActiveCfg = Debug|Any CPU
		{DCE3C4CA-D128-4E08-9CD0-1F20B90ED9CA}.Debug|Any CPU.Build.0 = Debug|Any CPU
		{DCE3C4CA-D128-4E08-9CD0-1F20B90ED9CA}.Release|Any CPU.ActiveCfg = Release|Any CPU
		{DCE3C4CA-D128-4E08-9CD0-1F20B90ED9CA}.Release|Any CPU.Build.0 = Release|Any CPU
		{45E0E3A2-4773-4634-BB8C-086C856DAFC7}.Debug|Any CPU.ActiveCfg = Debug|Any CPU
		{45E0E3A2-4773-4634-BB8C-086C856DAFC7}.Debug|Any CPU.Build.0 = Debug|Any CPU
		{45E0E3A2-4773-4634-BB8C-086C856DAFC7}.Release|Any CPU.ActiveCfg = Release|Any CPU
		{45E0E3A2-4773-4634-BB8C-086C856DAFC7}.Release|Any CPU.Build.0 = Release|Any CPU
		{7EF5ADF5-1BC6-4D5E-8432-373BB170A4DD}.Debug|Any CPU.ActiveCfg = Debug|Any CPU
		{7EF5ADF5-1BC6-4D5E-8432-373BB170A4DD}.Debug|Any CPU.Build.0 = Debug|Any CPU
		{7EF5ADF5-1BC6-4D5E-8432-373BB170A4DD}.Release|Any CPU.ActiveCfg = Release|Any CPU
		{7EF5ADF5-1BC6-4D5E-8432-373BB170A4DD}.Release|Any CPU.Build.0 = Release|Any CPU
		{F0D371BD-C6DE-49B1-B984-E26ED2AFB5D4}.Debug|Any CPU.ActiveCfg = Debug|Any CPU
		{F0D371BD-C6DE-49B1-B984-E26ED2AFB5D4}.Debug|Any CPU.Build.0 = Debug|Any CPU
		{F0D371BD-C6DE-49B1-B984-E26ED2AFB5D4}.Release|Any CPU.ActiveCfg = Release|Any CPU
		{F0D371BD-C6DE-49B1-B984-E26ED2AFB5D4}.Release|Any CPU.Build.0 = Release|Any CPU
	EndGlobalSection
	GlobalSection(SolutionProperties) = preSolution
		HideSolutionNode = FALSE
	EndGlobalSection
	GlobalSection(NestedProjects) = preSolution
		{DCE3C4CA-D128-4E08-9CD0-1F20B90ED9CA} = {A3E934C3-0A68-48C8-A398-1325EB20DD0E}
		{45E0E3A2-4773-4634-BB8C-086C856DAFC7} = {A3E934C3-0A68-48C8-A398-1325EB20DD0E}
		{7EF5ADF5-1BC6-4D5E-8432-373BB170A4DD} = {A3E934C3-0A68-48C8-A398-1325EB20DD0E}
		{F0D371BD-C6DE-49B1-B984-E26ED2AFB5D4} = {A3E934C3-0A68-48C8-A398-1325EB20DD0E}
	EndGlobalSection
	GlobalSection(ExtensibilityGlobals) = postSolution
		SolutionGuid = {8A3E7EFC-7E61-40CF-ABCA-6551C7C401A6}
	EndGlobalSection
EndGlobal
