
Microsoft Visual Studio Solution File, Format Version 12.00
# Visual Studio Version 17
VisualStudioVersion = 17.10.35013.160
MinimumVisualStudioVersion = 10.0.40219.1
Project("{2150E333-8FDC-42A3-9474-1A3956D46DE8}") = "src", "src", "{A3E934C3-0A68-48C8-A398-1325EB20DD0E}"
EndProject
Project("{2150E333-8FDC-42A3-9474-1A3956D46DE8}") = "test", "test", "{7C5C5354-E05E-47E7-86F4-BED93F7A749D}"
EndProject
Project("{9A19103F-16F7-4668-BE54-9A1E7A4F7556}") = "Sitrep", "src\Sitrep\Sitrep.csproj", "{DCE3C4CA-D128-4E08-9CD0-1F20B90ED9CA}"
EndProject
Project("{9A19103F-16F7-4668-BE54-9A1E7A4F7556}") = "Sitrep.AspNetCore", "src\Sitrep.AspNetCore\Sitrep.AspNetCore.csproj", "{45E0E3A2-4773-4634-BB8C-086C856DAFC7}"
EndProject
Project("{9A19103F-16F7-4668-BE54-9A1E7A4F7556}") = "Sitrep.RedisStack", "src\Sitrep.RedisStack\Sitrep.RedisStack.csproj", "{7EF5ADF5-1BC6-4D5E-8432-373BB170A4DD}"
EndProject
Project("{9A19103F-16F7-4668-BE54-9A1E7A4F7556}") = "Sitrep.SqlServer", "src\Sitrep.SqlServer\Sitrep.SqlServer.csproj", "{F0D371BD-C6DE-49B1-B984-E26ED2AFB5D4}"
EndProject
Project("{9A19103F-16F7-4668-BE54-9A1E7A4F7556}") = "Sitrep.SignalR", "src\Sitrep.SignalR\Sitrep.SignalR.csproj", "{19404991-0043-4E50-BE9E-8E6A4F42DE1C}"
EndProject
Project("{2150E333-8FDC-42A3-9474-1A3956D46DE8}") = "unit", "unit", "{704DCE4A-C363-40B0-92E4-23C7531B4A7A}"
EndProject
Project("{9A19103F-16F7-4668-BE54-9A1E7A4F7556}") = "Sitrep.Tests", "test\unit\Sitrep.Tests\Sitrep.Tests.csproj", "{896BE65F-CF1D-4C07-845C-DBE5C050C5B8}"
EndProject
Project("{2150E333-8FDC-42A3-9474-1A3956D46DE8}") = "nuget", "nuget", "{14DC6299-999D-49D8-A303-4DEB8AB00ABB}"
	ProjectSection(SolutionItems) = preProject
		nuget\add-local-nuget-feed.cmd = nuget\add-local-nuget-feed.cmd
	EndProjectSection
EndProject
Project("{2150E333-8FDC-42A3-9474-1A3956D46DE8}") = "docker", "docker", "{C50E29C8-24B1-4BBE-87B9-218DC4F4DFED}"
	ProjectSection(SolutionItems) = preProject
		docker\docker-compose.yml = docker\docker-compose.yml
		docker\docket-up.cmd = docker\docket-up.cmd
	EndProjectSection
EndProject
Project("{2150E333-8FDC-42A3-9474-1A3956D46DE8}") = "github", "github", "{7606F0AC-CE98-407D-B3CA-3CD2DB7FC539}"
	ProjectSection(SolutionItems) = preProject
		..\README.md = ..\README.md
	EndProjectSection
EndProject
Project("{2150E333-8FDC-42A3-9474-1A3956D46DE8}") = "docs", "docs", "{75C8F0E0-265E-4C9C-ACB0-DDD850DEFA63}"
	ProjectSection(SolutionItems) = preProject
		..\docs\sitrep-ticket-tracking.svg = ..\docs\sitrep-ticket-tracking.svg
		..\docs\SitrepTicketTracking.vsdx = ..\docs\SitrepTicketTracking.vsdx
	EndProjectSection
EndProject
Project("{9A19103F-16F7-4668-BE54-9A1E7A4F7556}") = "SitrepUI.Blazor", "src\SitrepUI.Blazor\SitrepUI.Blazor.csproj", "{354F81CF-E4EF-48FF-9049-CD2F46044BF5}"
EndProject
Project("{9A19103F-16F7-4668-BE54-9A1E7A4F7556}") = "Sitrep.ApiClient", "src\Sitrep.ApiClient\Sitrep.ApiClient.csproj", "{9497A54A-83F7-489F-8ECC-576E821E1572}"
EndProject
Global
	GlobalSection(SolutionConfigurationPlatforms) = preSolution
		Debug|Any CPU = Debug|Any CPU
		Release|Any CPU = Release|Any CPU
	EndGlobalSection
	GlobalSection(ProjectConfigurationPlatforms) = postSolution
		{DCE3C4CA-D128-4E08-9CD0-1F20B90ED9CA}.Debug|Any CPU.ActiveCfg = Debug|Any CPU
		{DCE3C4CA-D128-4E08-9CD0-1F20B90ED9CA}.Debug|Any CPU.Build.0 = Debug|Any CPU
		{DCE3C4CA-D128-4E08-9CD0-1F20B90ED9CA}.Release|Any CPU.ActiveCfg = Release|Any CPU
		{DCE3C4CA-D128-4E08-9CD0-1F20B90ED9CA}.Release|Any CPU.Build.0 = Release|Any CPU
		{45E0E3A2-4773-4634-BB8C-086C856DAFC7}.Debug|Any CPU.ActiveCfg = Debug|Any CPU
		{45E0E3A2-4773-4634-BB8C-086C856DAFC7}.Debug|Any CPU.Build.0 = Debug|Any CPU
		{45E0E3A2-4773-4634-BB8C-086C856DAFC7}.Release|Any CPU.ActiveCfg = Release|Any CPU
		{45E0E3A2-4773-4634-BB8C-086C856DAFC7}.Release|Any CPU.Build.0 = Release|Any CPU
		{7EF5ADF5-1BC6-4D5E-8432-373BB170A4DD}.Debug|Any CPU.ActiveCfg = Debug|Any CPU
		{7EF5ADF5-1BC6-4D5E-8432-373BB170A4DD}.Debug|Any CPU.Build.0 = Debug|Any CPU
		{7EF5ADF5-1BC6-4D5E-8432-373BB170A4DD}.Release|Any CPU.ActiveCfg = Release|Any CPU
		{7EF5ADF5-1BC6-4D5E-8432-373BB170A4DD}.Release|Any CPU.Build.0 = Release|Any CPU
		{F0D371BD-C6DE-49B1-B984-E26ED2AFB5D4}.Debug|Any CPU.ActiveCfg = Debug|Any CPU
		{F0D371BD-C6DE-49B1-B984-E26ED2AFB5D4}.Debug|Any CPU.Build.0 = Debug|Any CPU
		{F0D371BD-C6DE-49B1-B984-E26ED2AFB5D4}.Release|Any CPU.ActiveCfg = Release|Any CPU
		{F0D371BD-C6DE-49B1-B984-E26ED2AFB5D4}.Release|Any CPU.Build.0 = Release|Any CPU
		{19404991-0043-4E50-BE9E-8E6A4F42DE1C}.Debug|Any CPU.ActiveCfg = Debug|Any CPU
		{19404991-0043-4E50-BE9E-8E6A4F42DE1C}.Debug|Any CPU.Build.0 = Debug|Any CPU
		{19404991-0043-4E50-BE9E-8E6A4F42DE1C}.Release|Any CPU.ActiveCfg = Release|Any CPU
		{19404991-0043-4E50-BE9E-8E6A4F42DE1C}.Release|Any CPU.Build.0 = Release|Any CPU
		{896BE65F-CF1D-4C07-845C-DBE5C050C5B8}.Debug|Any CPU.ActiveCfg = Debug|Any CPU
		{896BE65F-CF1D-4C07-845C-DBE5C050C5B8}.Debug|Any CPU.Build.0 = Debug|Any CPU
		{896BE65F-CF1D-4C07-845C-DBE5C050C5B8}.Release|Any CPU.ActiveCfg = Release|Any CPU
		{896BE65F-CF1D-4C07-845C-DBE5C050C5B8}.Release|Any CPU.Build.0 = Release|Any CPU
		{354F81CF-E4EF-48FF-9049-CD2F46044BF5}.Debug|Any CPU.ActiveCfg = Debug|Any CPU
		{354F81CF-E4EF-48FF-9049-CD2F46044BF5}.Debug|Any CPU.Build.0 = Debug|Any CPU
		{354F81CF-E4EF-48FF-9049-CD2F46044BF5}.Release|Any CPU.ActiveCfg = Release|Any CPU
		{354F81CF-E4EF-48FF-9049-CD2F46044BF5}.Release|Any CPU.Build.0 = Release|Any CPU
		{9497A54A-83F7-489F-8ECC-576E821E1572}.Debug|Any CPU.ActiveCfg = Debug|Any CPU
		{9497A54A-83F7-489F-8ECC-576E821E1572}.Debug|Any CPU.Build.0 = Debug|Any CPU
		{9497A54A-83F7-489F-8ECC-576E821E1572}.Release|Any CPU.ActiveCfg = Release|Any CPU
		{9497A54A-83F7-489F-8ECC-576E821E1572}.Release|Any CPU.Build.0 = Release|Any CPU
	EndGlobalSection
	GlobalSection(SolutionProperties) = preSolution
		HideSolutionNode = FALSE
	EndGlobalSection
	GlobalSection(NestedProjects) = preSolution
		{DCE3C4CA-D128-4E08-9CD0-1F20B90ED9CA} = {A3E934C3-0A68-48C8-A398-1325EB20DD0E}
		{45E0E3A2-4773-4634-BB8C-086C856DAFC7} = {A3E934C3-0A68-48C8-A398-1325EB20DD0E}
		{7EF5ADF5-1BC6-4D5E-8432-373BB170A4DD} = {A3E934C3-0A68-48C8-A398-1325EB20DD0E}
		{F0D371BD-C6DE-49B1-B984-E26ED2AFB5D4} = {A3E934C3-0A68-48C8-A398-1325EB20DD0E}
		{19404991-0043-4E50-BE9E-8E6A4F42DE1C} = {A3E934C3-0A68-48C8-A398-1325EB20DD0E}
		{704DCE4A-C363-40B0-92E4-23C7531B4A7A} = {7C5C5354-E05E-47E7-86F4-BED93F7A749D}
		{896BE65F-CF1D-4C07-845C-DBE5C050C5B8} = {704DCE4A-C363-40B0-92E4-23C7531B4A7A}
		{354F81CF-E4EF-48FF-9049-CD2F46044BF5} = {A3E934C3-0A68-48C8-A398-1325EB20DD0E}
		{9497A54A-83F7-489F-8ECC-576E821E1572} = {A3E934C3-0A68-48C8-A398-1325EB20DD0E}
	EndGlobalSection
	GlobalSection(ExtensibilityGlobals) = postSolution
		SolutionGuid = {8A3E7EFC-7E61-40CF-ABCA-6551C7C401A6}
	EndGlobalSection
EndGlobal
