
Microsoft Visual Studio Solution File, Format Version 12.00
# Visual Studio Version 17
VisualStudioVersion = 17.10.35013.160
MinimumVisualStudioVersion = 10.0.40219.1
Project("{9A19103F-16F7-4668-BE54-9A1E7A4F7556}") = "SitrepExamples.Api", "SitrepExamples.Api\SitrepExamples.Api.csproj", "{E5DFE1B1-7EA6-4B3E-B5A5-B58D7A571AF5}"
EndProject
Project("{9A19103F-16F7-4668-BE54-9A1E7A4F7556}") = "Sitrep", "..\Libraries\src\Sitrep\Sitrep.csproj", "{81B7089A-10F5-4597-9398-035408C6703F}"
EndProject
Project("{9A19103F-16F7-4668-BE54-9A1E7A4F7556}") = "Sitrep.AspNetCore", "..\Libraries\src\Sitrep.AspNetCore\Sitrep.AspNetCore.csproj", "{12D7910F-E899-44FA-AA31-D5B4C815EE1C}"
EndProject
Project("{9A19103F-16F7-4668-BE54-9A1E7A4F7556}") = "Sitrep.RedisStack", "..\Libraries\src\Sitrep.RedisStack\Sitrep.RedisStack.csproj", "{0B14861C-6781-49A7-9F3E-6127DE1B8083}"
EndProject
Project("{9A19103F-16F7-4668-BE54-9A1E7A4F7556}") = "Sitrep.SignalR", "..\Libraries\src\Sitrep.SignalR\Sitrep.SignalR.csproj", "{D5989E57-DFC3-4944-92ED-B28C99802EB6}"
EndProject
Project("{2150E333-8FDC-42A3-9474-1A3956D46DE8}") = "Libraries", "Libraries", "{5D7CA768-EF59-4553-9F6D-ED8723C5D510}"
EndProject
Project("{2150E333-8FDC-42A3-9474-1A3956D46DE8}") = "Examples", "Examples", "{9AB4EABB-DCF5-45C0-AD6B-B0C66FF07043}"
EndProject
Project("{9A19103F-16F7-4668-BE54-9A1E7A4F7556}") = "SitrepExamples.BlazorServer", "SitrepExamples.BlazorServer\SitrepExamples.BlazorServer.csproj", "{0BBC1FBF-168E-4A96-8337-74ED7DF32109}"
EndProject
Project("{9A19103F-16F7-4668-BE54-9A1E7A4F7556}") = "Sitrep.ApiClient", "..\Libraries\src\Sitrep.ApiClient\Sitrep.ApiClient.csproj", "{69AF7BAC-4AEC-4490-9082-E94EF461EC55}"
EndProject
Project("{9A19103F-16F7-4668-BE54-9A1E7A4F7556}") = "SitrepUI.Blazor", "..\Libraries\src\SitrepUI.Blazor\SitrepUI.Blazor.csproj", "{2B78261A-2940-4B19-87B9-3E9C75BA9FDF}"
EndProject
Global
	GlobalSection(SolutionConfigurationPlatforms) = preSolution
		Debug|Any CPU = Debug|Any CPU
		Release|Any CPU = Release|Any CPU
	EndGlobalSection
	GlobalSection(ProjectConfigurationPlatforms) = postSolution
		{E5DFE1B1-7EA6-4B3E-B5A5-B58D7A571AF5}.Debug|Any CPU.ActiveCfg = Debug|Any CPU
		{E5DFE1B1-7EA6-4B3E-B5A5-B58D7A571AF5}.Debug|Any CPU.Build.0 = Debug|Any CPU
		{E5DFE1B1-7EA6-4B3E-B5A5-B58D7A571AF5}.Release|Any CPU.ActiveCfg = Release|Any CPU
		{E5DFE1B1-7EA6-4B3E-B5A5-B58D7A571AF5}.Release|Any CPU.Build.0 = Release|Any CPU
		{81B7089A-10F5-4597-9398-035408C6703F}.Debug|Any CPU.ActiveCfg = Debug|Any CPU
		{81B7089A-10F5-4597-9398-035408C6703F}.Debug|Any CPU.Build.0 = Debug|Any CPU
		{81B7089A-10F5-4597-9398-035408C6703F}.Release|Any CPU.ActiveCfg = Release|Any CPU
		{81B7089A-10F5-4597-9398-035408C6703F}.Release|Any CPU.Build.0 = Release|Any CPU
		{12D7910F-E899-44FA-AA31-D5B4C815EE1C}.Debug|Any CPU.ActiveCfg = Debug|Any CPU
		{12D7910F-E899-44FA-AA31-D5B4C815EE1C}.Debug|Any CPU.Build.0 = Debug|Any CPU
		{12D7910F-E899-44FA-AA31-D5B4C815EE1C}.Release|Any CPU.ActiveCfg = Release|Any CPU
		{12D7910F-E899-44FA-AA31-D5B4C815EE1C}.Release|Any CPU.Build.0 = Release|Any CPU
		{0B14861C-6781-49A7-9F3E-6127DE1B8083}.Debug|Any CPU.ActiveCfg = Debug|Any CPU
		{0B14861C-6781-49A7-9F3E-6127DE1B8083}.Debug|Any CPU.Build.0 = Debug|Any CPU
		{0B14861C-6781-49A7-9F3E-6127DE1B8083}.Release|Any CPU.ActiveCfg = Release|Any CPU
		{0B14861C-6781-49A7-9F3E-6127DE1B8083}.Release|Any CPU.Build.0 = Release|Any CPU
		{D5989E57-DFC3-4944-92ED-B28C99802EB6}.Debug|Any CPU.ActiveCfg = Debug|Any CPU
		{D5989E57-DFC3-4944-92ED-B28C99802EB6}.Debug|Any CPU.Build.0 = Debug|Any CPU
		{D5989E57-DFC3-4944-92ED-B28C99802EB6}.Release|Any CPU.ActiveCfg = Release|Any CPU
		{D5989E57-DFC3-4944-92ED-B28C99802EB6}.Release|Any CPU.Build.0 = Release|Any CPU
		{0BBC1FBF-168E-4A96-8337-74ED7DF32109}.Debug|Any CPU.ActiveCfg = Debug|Any CPU
		{0BBC1FBF-168E-4A96-8337-74ED7DF32109}.Debug|Any CPU.Build.0 = Debug|Any CPU
		{0BBC1FBF-168E-4A96-8337-74ED7DF32109}.Release|Any CPU.ActiveCfg = Release|Any CPU
		{0BBC1FBF-168E-4A96-8337-74ED7DF32109}.Release|Any CPU.Build.0 = Release|Any CPU
		{69AF7BAC-4AEC-4490-9082-E94EF461EC55}.Debug|Any CPU.ActiveCfg = Debug|Any CPU
		{69AF7BAC-4AEC-4490-9082-E94EF461EC55}.Debug|Any CPU.Build.0 = Debug|Any CPU
		{69AF7BAC-4AEC-4490-9082-E94EF461EC55}.Release|Any CPU.ActiveCfg = Release|Any CPU
		{69AF7BAC-4AEC-4490-9082-E94EF461EC55}.Release|Any CPU.Build.0 = Release|Any CPU
		{2B78261A-2940-4B19-87B9-3E9C75BA9FDF}.Debug|Any CPU.ActiveCfg = Debug|Any CPU
		{2B78261A-2940-4B19-87B9-3E9C75BA9FDF}.Debug|Any CPU.Build.0 = Debug|Any CPU
		{2B78261A-2940-4B19-87B9-3E9C75BA9FDF}.Release|Any CPU.ActiveCfg = Release|Any CPU
		{2B78261A-2940-4B19-87B9-3E9C75BA9FDF}.Release|Any CPU.Build.0 = Release|Any CPU
	EndGlobalSection
	GlobalSection(SolutionProperties) = preSolution
		HideSolutionNode = FALSE
	EndGlobalSection
	GlobalSection(NestedProjects) = preSolution
		{E5DFE1B1-7EA6-4B3E-B5A5-B58D7A571AF5} = {9AB4EABB-DCF5-45C0-AD6B-B0C66FF07043}
		{81B7089A-10F5-4597-9398-035408C6703F} = {5D7CA768-EF59-4553-9F6D-ED8723C5D510}
		{12D7910F-E899-44FA-AA31-D5B4C815EE1C} = {5D7CA768-EF59-4553-9F6D-ED8723C5D510}
		{0B14861C-6781-49A7-9F3E-6127DE1B8083} = {5D7CA768-EF59-4553-9F6D-ED8723C5D510}
		{D5989E57-DFC3-4944-92ED-B28C99802EB6} = {5D7CA768-EF59-4553-9F6D-ED8723C5D510}
		{0BBC1FBF-168E-4A96-8337-74ED7DF32109} = {9AB4EABB-DCF5-45C0-AD6B-B0C66FF07043}
		{69AF7BAC-4AEC-4490-9082-E94EF461EC55} = {5D7CA768-EF59-4553-9F6D-ED8723C5D510}
		{2B78261A-2940-4B19-87B9-3E9C75BA9FDF} = {5D7CA768-EF59-4553-9F6D-ED8723C5D510}
	EndGlobalSection
	GlobalSection(ExtensibilityGlobals) = postSolution
		SolutionGuid = {DB89D95F-7D5C-4E82-8F6E-F11AA4CED78D}
	EndGlobalSection
EndGlobal
